
Microsoft Visual Studio Solution File, Format Version 12.00
# Visual Studio Version 17
VisualStudioVersion = 17.3.32929.385
MinimumVisualStudioVersion = 10.0.40219.1
Project("{FAE04EC0-301F-11D3-BF4B-00C04F79EFBC}") = "Vgrenier", "Vgrenier\Vgrenier.csproj", "{C5DB1B77-1528-4413-A309-4DA4BBAA94EB}"
EndProject
Global
	GlobalSection(SolutionConfigurationPlatforms) = preSolution
		Debug|Any CPU = Debug|Any CPU
		Release|Any CPU = Release|Any CPU
	EndGlobalSection
	GlobalSection(ProjectConfigurationPlatforms) = postSolution
		{C5DB1B77-1528-4413-A309-4DA4BBAA94EB}.Debug|Any CPU.ActiveCfg = Debug|Any CPU
		{C5DB1B77-1528-4413-A309-4DA4BBAA94EB}.Debug|Any CPU.Build.0 = Debug|Any CPU
		{C5DB1B77-1528-4413-A309-4DA4BBAA94EB}.Release|Any CPU.ActiveCfg = Release|Any CPU
		{C5DB1B77-1528-4413-A309-4DA4BBAA94EB}.Release|Any CPU.Build.0 = Release|Any CPU
	EndGlobalSection
	GlobalSection(SolutionProperties) = preSolution
		HideSolutionNode = FALSE
	EndGlobalSection
	GlobalSection(ExtensibilityGlobals) = postSolution
		SolutionGuid = {9F5F887F-2ADC-4FD5-836D-2BF3D2489D30}
	EndGlobalSection
EndGlobal
